
Microsoft Visual Studio Solution File, Format Version 12.00
# Visual Studio Version 17
VisualStudioVersion = 17.5.002.0
MinimumVisualStudioVersion = 10.0.40219.1
Project("{9A19103F-16F7-4668-BE54-9A1E7A4F7556}") = "task01", "task01.csproj", "{526E0A32-944E-413D-8533-124DFFED5BD2}"
EndProject
Global
	GlobalSection(SolutionConfigurationPlatforms) = preSolution
		Debug|Any CPU = Debug|Any CPU
		Release|Any CPU = Release|Any CPU
	EndGlobalSection
	GlobalSection(ProjectConfigurationPlatforms) = postSolution
		{526E0A32-944E-413D-8533-124DFFED5BD2}.Debug|Any CPU.ActiveCfg = Debug|Any CPU
		{526E0A32-944E-413D-8533-124DFFED5BD2}.Debug|Any CPU.Build.0 = Debug|Any CPU
		{526E0A32-944E-413D-8533-124DFFED5BD2}.Release|Any CPU.ActiveCfg = Release|Any CPU
		{526E0A32-944E-413D-8533-124DFFED5BD2}.Release|Any CPU.Build.0 = Release|Any CPU
	EndGlobalSection
	GlobalSection(SolutionProperties) = preSolution
		HideSolutionNode = FALSE
	EndGlobalSection
	GlobalSection(ExtensibilityGlobals) = postSolution
		SolutionGuid = {D3193590-E973-46FE-A9E5-9BDB585CE520}
	EndGlobalSection
EndGlobal
